
Microsoft Visual Studio Solution File, Format Version 12.00
# Visual Studio Version 17
VisualStudioVersion = 17.8.34316.72
MinimumVisualStudioVersion = 10.0.40219.1
Project("{FAE04EC0-301F-11D3-BF4B-00C04F79EFBC}") = "ChallengeApp", "ChallengeApp\ChallengeApp.csproj", "{8663B056-04F6-4166-996B-287177589B94}"
EndProject
Global
	GlobalSection(SolutionConfigurationPlatforms) = preSolution
		Debug|Any CPU = Debug|Any CPU
		Release|Any CPU = Release|Any CPU
	EndGlobalSection
	GlobalSection(ProjectConfigurationPlatforms) = postSolution
		{8663B056-04F6-4166-996B-287177589B94}.Debug|Any CPU.ActiveCfg = Debug|Any CPU
		{8663B056-04F6-4166-996B-287177589B94}.Debug|Any CPU.Build.0 = Debug|Any CPU
		{8663B056-04F6-4166-996B-287177589B94}.Release|Any CPU.ActiveCfg = Release|Any CPU
		{8663B056-04F6-4166-996B-287177589B94}.Release|Any CPU.Build.0 = Release|Any CPU
	EndGlobalSection
	GlobalSection(SolutionProperties) = preSolution
		HideSolutionNode = FALSE
	EndGlobalSection
	GlobalSection(ExtensibilityGlobals) = postSolution
		SolutionGuid = {14486207-FC9E-47EE-BEBA-08880B4226BF}
	EndGlobalSection
EndGlobal
